# @generated by Move, please check-in and do not edit manually.

[move]
version = 3
manifest_digest = "84B1ECECEB235E605B786F20F7F6441F45D0E087391F555801F49504C491BECE"
deps_digest = "F8BBB0CCB2491CA29A3DF03D6F92277A4F3574266507ACD77214D37ECA3F3082"

dependencies = [
  { id = "IOTA", name = "IOTA" },
]

[[move.package]]
id = "MoveStdlib"
source = { local = "../../../../../iota-framework/packages/move-stdlib" }

[[move.package]]
id = "IOTA"
source = { local = "../../../../../iota-framework/packages/iota-framework" }

dependencies = [
  { id = "MoveStdlib", name = "MoveStdlib" },
]

[move.toolchain-version]
compiler-version = "1.40.0"
edition = "2024.beta"
flavor = "iota"
